
Microsoft Visual Studio Solution File, Format Version 12.00
# Visual Studio Version 16
VisualStudioVersion = 16.0.29102.190
MinimumVisualStudioVersion = 10.0.40219.1
Project("{FAE04EC0-301F-11D3-BF4B-00C04F79EFBC}") = "Dragon Translator", "Dragon Translator\Dragon Translator.csproj", "{1D30E2AA-62A2-4114-A44F-238053507C6E}"
EndProject
Global
	GlobalSection(SolutionConfigurationPlatforms) = preSolution
		Debug|Any CPU = Debug|Any CPU
		Debug|x86 = Debug|x86
		Release|Any CPU = Release|Any CPU
		Release|x86 = Release|x86
	EndGlobalSection
	GlobalSection(ProjectConfigurationPlatforms) = postSolution
		{1D30E2AA-62A2-4114-A44F-238053507C6E}.Debug|Any CPU.ActiveCfg = Debug|Any CPU
		{1D30E2AA-62A2-4114-A44F-238053507C6E}.Debug|Any CPU.Build.0 = Debug|Any CPU
		{1D30E2AA-62A2-4114-A44F-238053507C6E}.Debug|x86.ActiveCfg = Debug|x86
		{1D30E2AA-62A2-4114-A44F-238053507C6E}.Debug|x86.Build.0 = Debug|x86
		{1D30E2AA-62A2-4114-A44F-238053507C6E}.Release|Any CPU.ActiveCfg = Release|Any CPU
		{1D30E2AA-62A2-4114-A44F-238053507C6E}.Release|Any CPU.Build.0 = Release|Any CPU
		{1D30E2AA-62A2-4114-A44F-238053507C6E}.Release|x86.ActiveCfg = Release|x86
		{1D30E2AA-62A2-4114-A44F-238053507C6E}.Release|x86.Build.0 = Release|x86
	EndGlobalSection
	GlobalSection(SolutionProperties) = preSolution
		HideSolutionNode = FALSE
	EndGlobalSection
	GlobalSection(ExtensibilityGlobals) = postSolution
		SolutionGuid = {CFA84549-2975-4DCB-870B-A8CD11504195}
	EndGlobalSection
EndGlobal
